
Microsoft Visual Studio Solution File, Format Version 11.00
# Visual Studio 2010
Project("{FAE04EC0-301F-11D3-BF4B-00C04F79EFBC}") = "Assembly-CSharp", "Assembly-CSharp.csproj", "{14c8e4da-b5e9-8e62-47a4-ca86c13f7f72}"
EndProject
Project("{FAE04EC0-301F-11D3-BF4B-00C04F79EFBC}") = "Conversa.Editor", "Conversa.Editor.csproj", "{b13d8277-e548-78c4-2996-4a144ec6d663}"
EndProject
Project("{FAE04EC0-301F-11D3-BF4B-00C04F79EFBC}") = "Conversa.Runtime", "Conversa.Runtime.csproj", "{e679d7c5-be94-7d76-20be-b58b3834b491}"
EndProject
Project("{FAE04EC0-301F-11D3-BF4B-00C04F79EFBC}") = "Assembly-CSharp-Editor", "Assembly-CSharp-Editor.csproj", "{e19a982a-9a2a-0652-7ea9-288d2f913245}"
EndProject
Global
	GlobalSection(SolutionConfigurationPlatforms) = preSolution
		Debug|Any CPU = Debug|Any CPU
	EndGlobalSection
	GlobalSection(ProjectConfigurationPlatforms) = postSolution
		{14c8e4da-b5e9-8e62-47a4-ca86c13f7f72}.Debug|Any CPU.ActiveCfg = Debug|Any CPU
		{14c8e4da-b5e9-8e62-47a4-ca86c13f7f72}.Debug|Any CPU.Build.0 = Debug|Any CPU
		{b13d8277-e548-78c4-2996-4a144ec6d663}.Debug|Any CPU.ActiveCfg = Debug|Any CPU
		{b13d8277-e548-78c4-2996-4a144ec6d663}.Debug|Any CPU.Build.0 = Debug|Any CPU
		{e679d7c5-be94-7d76-20be-b58b3834b491}.Debug|Any CPU.ActiveCfg = Debug|Any CPU
		{e679d7c5-be94-7d76-20be-b58b3834b491}.Debug|Any CPU.Build.0 = Debug|Any CPU
		{e19a982a-9a2a-0652-7ea9-288d2f913245}.Debug|Any CPU.ActiveCfg = Debug|Any CPU
		{e19a982a-9a2a-0652-7ea9-288d2f913245}.Debug|Any CPU.Build.0 = Debug|Any CPU
	EndGlobalSection
	GlobalSection(SolutionProperties) = preSolution
		HideSolutionNode = FALSE
	EndGlobalSection
EndGlobal
